// !$*UTF8*$!
{
	archiveVersion = 1;
	classes = {
	};
	objectVersion = 46;
	objects = {

/* Begin PBXBuildFile section */
		6311D5811A5F20DA00937548 /* CoreFoundation.framework in Frameworks */ = {isa = PBXBuildFile; fileRef = 6311D5801A5F20DA00937548 /* CoreFoundation.framework */; };
		6311D5831A5F20E000937548 /* Foundation.framework in Frameworks */ = {isa = PBXBuildFile; fileRef = 6311D5821A5F20E000937548 /* Foundation.framework */; };
		63A8ABF91A9698DC00351C28 /* KKSDictionaryVisualizerViewController.m in Sources */ = {isa = PBXBuildFile; fileRef = 63A8ABF81A9698DC00351C28 /* KKSDictionaryVisualizerViewController.m */; };
		63A8ABFC1A96992300351C28 /* KKSAccountVisualizerViewController.m in Sources */ = {isa = PBXBuildFile; fileRef = 63A8ABFB1A96992300351C28 /* KKSAccountVisualizerViewController.m */; };
		63A8ABFF1A96993300351C28 /* KKSImageVisualizerViewController.m in Sources */ = {isa = PBXBuildFile; fileRef = 63A8ABFE1A96993300351C28 /* KKSImageVisualizerViewController.m */; };
		63A8AC021A96AA0200351C28 /* KKSAddDictionaryPairView.m in Sources */ = {isa = PBXBuildFile; fileRef = 63A8AC011A96AA0200351C28 /* KKSAddDictionaryPairView.m */; };
		63B51CBF1A4207FC001B4EFC /* main.m in Sources */ = {isa = PBXBuildFile; fileRef = 63B51CBE1A4207FC001B4EFC /* main.m */; };
		63B51CC21A4207FC001B4EFC /* AppDelegate.m in Sources */ = {isa = PBXBuildFile; fileRef = 63B51CC11A4207FC001B4EFC /* AppDelegate.m */; };
		63B51CCB1A4207FC001B4EFC /* Main.storyboard in Resources */ = {isa = PBXBuildFile; fileRef = 63B51CC91A4207FC001B4EFC /* Main.storyboard */; };
		63B51CCD1A4207FC001B4EFC /* Images.xcassets in Resources */ = {isa = PBXBuildFile; fileRef = 63B51CCC1A4207FC001B4EFC /* Images.xcassets */; };
		63B51CD01A4207FC001B4EFC /* LaunchScreen.xib in Resources */ = {isa = PBXBuildFile; fileRef = 63B51CCE1A4207FC001B4EFC /* LaunchScreen.xib */; };
		63B51CDC1A4207FC001B4EFC /* KeychainKitSampleTests.m in Sources */ = {isa = PBXBuildFile; fileRef = 63B51CDB1A4207FC001B4EFC /* KeychainKitSampleTests.m */; };
		63B51D0F1A421F52001B4EFC /* KeychainKit.h in Headers */ = {isa = PBXBuildFile; fileRef = 63B51D0E1A421F52001B4EFC /* KeychainKit.h */; settings = {ATTRIBUTES = (Public, ); }; };
		63B51D151A421F52001B4EFC /* KeychainKit.framework in Frameworks */ = {isa = PBXBuildFile; fileRef = 63B51D0A1A421F52001B4EFC /* KeychainKit.framework */; };
		63B51D1E1A421F52001B4EFC /* KeychainKitTests.m in Sources */ = {isa = PBXBuildFile; fileRef = 63B51D1D1A421F52001B4EFC /* KeychainKitTests.m */; };
		63B51D221A421F52001B4EFC /* KeychainKit.framework in Embed Frameworks */ = {isa = PBXBuildFile; fileRef = 63B51D0A1A421F52001B4EFC /* KeychainKit.framework */; settings = {ATTRIBUTES = (CodeSignOnCopy, RemoveHeadersOnCopy, ); }; };
		63B51D2B1A421F6D001B4EFC /* Security.framework in Frameworks */ = {isa = PBXBuildFile; fileRef = 63B51D2A1A421F6D001B4EFC /* Security.framework */; };
		63B51D2E1A422104001B4EFC /* KKKeychainSession.h in Headers */ = {isa = PBXBuildFile; fileRef = 63B51D2C1A422104001B4EFC /* KKKeychainSession.h */; settings = {ATTRIBUTES = (Public, ); }; };
		63B51D2F1A422104001B4EFC /* KKKeychainSession.m in Sources */ = {isa = PBXBuildFile; fileRef = 63B51D2D1A422104001B4EFC /* KKKeychainSession.m */; };
		63B51D321A422115001B4EFC /* KKKeychainOperation.h in Headers */ = {isa = PBXBuildFile; fileRef = 63B51D301A422115001B4EFC /* KKKeychainOperation.h */; settings = {ATTRIBUTES = (Public, ); }; };
		63B51D331A422115001B4EFC /* KKKeychainOperation.m in Sources */ = {isa = PBXBuildFile; fileRef = 63B51D311A422115001B4EFC /* KKKeychainOperation.m */; };
		63B51D3A1A4221A4001B4EFC /* KKSKeychainHandler.m in Sources */ = {isa = PBXBuildFile; fileRef = 63B51D391A4221A4001B4EFC /* KKSKeychainHandler.m */; };
		63D04EF51A62BC5E003B31DB /* KKKeychainGenericPassword.h in Headers */ = {isa = PBXBuildFile; fileRef = 63D04EEC1A62BC5E003B31DB /* KKKeychainGenericPassword.h */; settings = {ATTRIBUTES = (Public, ); }; };
		63D04EF61A62BC5E003B31DB /* KKKeychainGenericPassword.m in Sources */ = {isa = PBXBuildFile; fileRef = 63D04EED1A62BC5E003B31DB /* KKKeychainGenericPassword.m */; };
		63D04EF71A62BC5E003B31DB /* KKKeychainInternetPassword.h in Headers */ = {isa = PBXBuildFile; fileRef = 63D04EEE1A62BC5E003B31DB /* KKKeychainInternetPassword.h */; settings = {ATTRIBUTES = (Public, ); }; };
		63D04EF81A62BC5E003B31DB /* KKKeychainInternetPassword.m in Sources */ = {isa = PBXBuildFile; fileRef = 63D04EEF1A62BC5E003B31DB /* KKKeychainInternetPassword.m */; };
		63D04EF91A62BC5E003B31DB /* KKKeychainItem.h in Headers */ = {isa = PBXBuildFile; fileRef = 63D04EF01A62BC5E003B31DB /* KKKeychainItem.h */; settings = {ATTRIBUTES = (Public, ); }; };
		63D04EFA1A62BC5E003B31DB /* KKKeychainItem.m in Sources */ = {isa = PBXBuildFile; fileRef = 63D04EF11A62BC5E003B31DB /* KKKeychainItem.m */; };
		63D04EFB1A62BC5E003B31DB /* KKKeychainItem_KeychainKitInterface.h in Headers */ = {isa = PBXBuildFile; fileRef = 63D04EF21A62BC5E003B31DB /* KKKeychainItem_KeychainKitInterface.h */; };
		63D04EFC1A62BC5E003B31DB /* KKKeychainPassword.h in Headers */ = {isa = PBXBuildFile; fileRef = 63D04EF31A62BC5E003B31DB /* KKKeychainPassword.h */; settings = {ATTRIBUTES = (Public, ); }; };
		63D04EFD1A62BC5E003B31DB /* KKKeychainPassword.m in Sources */ = {isa = PBXBuildFile; fileRef = 63D04EF41A62BC5E003B31DB /* KKKeychainPassword.m */; };
		63D04F081A62BD5E003B31DB /* NSMutableDictionary+KeychainKit.h in Headers */ = {isa = PBXBuildFile; fileRef = 63D04F061A62BD5E003B31DB /* NSMutableDictionary+KeychainKit.h */; };
		63D04F091A62BD5E003B31DB /* NSMutableDictionary+KeychainKit.m in Sources */ = {isa = PBXBuildFile; fileRef = 63D04F071A62BD5E003B31DB /* NSMutableDictionary+KeychainKit.m */; };
		63D04F0D1A62E338003B31DB /* KKKeychainPassword_KeychainKitInterface.h in Headers */ = {isa = PBXBuildFile; fileRef = 63D04F0C1A62E338003B31DB /* KKKeychainPassword_KeychainKitInterface.h */; };
		63D14DEE1A93D5F30089A048 /* KKKeychainSampleViewController.m in Sources */ = {isa = PBXBuildFile; fileRef = 63D14DED1A93D5F30089A048 /* KKKeychainSampleViewController.m */; };
		63D14DF11A93D61C0089A048 /* KKKeychainSampleDataModel.m in Sources */ = {isa = PBXBuildFile; fileRef = 63D14DF01A93D61C0089A048 /* KKKeychainSampleDataModel.m */; };
		63D14DF41A93D8A00089A048 /* KKKeychainSampleUIDataAdapter.m in Sources */ = {isa = PBXBuildFile; fileRef = 63D14DF31A93D8A00089A048 /* KKKeychainSampleUIDataAdapter.m */; };
		63D14DF71A93E4510089A048 /* KKKeychainSampleItemViewController.m in Sources */ = {isa = PBXBuildFile; fileRef = 63D14DF61A93E4510089A048 /* KKKeychainSampleItemViewController.m */; };
		63D5E0D31A952F260080F776 /* KKSStringVisualizerViewController.m in Sources */ = {isa = PBXBuildFile; fileRef = 63D5E0D21A952F260080F776 /* KKSStringVisualizerViewController.m */; };
		63DFAD5C1A5F03C00079B0B2 /* KKError.h in Headers */ = {isa = PBXBuildFile; fileRef = 63B51D3B1A422722001B4EFC /* KKError.h */; settings = {ATTRIBUTES = (Public, ); }; };
		63DFAD5D1A5F05240079B0B2 /* KeychainKit.framework in Frameworks */ = {isa = PBXBuildFile; fileRef = 63B51D0A1A421F52001B4EFC /* KeychainKit.framework */; };
		63E325901A968EB400342987 /* KKKeychainSampleModelDataConverter.m in Sources */ = {isa = PBXBuildFile; fileRef = 63E3258F1A968EB400342987 /* KKKeychainSampleModelDataConverter.m */; };
		63E325931A968F8A00342987 /* KKKeychainSampleStringModelDataConverter.m in Sources */ = {isa = PBXBuildFile; fileRef = 63E325921A968F8A00342987 /* KKKeychainSampleStringModelDataConverter.m */; };
		63E325961A96902B00342987 /* KKKeychainSampleDictionaryModelDataConverter.m in Sources */ = {isa = PBXBuildFile; fileRef = 63E325951A96902B00342987 /* KKKeychainSampleDictionaryModelDataConverter.m */; };
		63E325991A96915100342987 /* KKKeychainSampleImageModelDataConverter.m in Sources */ = {isa = PBXBuildFile; fileRef = 63E325981A96915100342987 /* KKKeychainSampleImageModelDataConverter.m */; };
		63E3259D1A96949F00342987 /* KKKeychainSampleVisualizerViewController.m in Sources */ = {isa = PBXBuildFile; fileRef = 63E3259C1A96949F00342987 /* KKKeychainSampleVisualizerViewController.m */; };
/* End PBXBuildFile section */

/* Begin PBXContainerItemProxy section */
		63B51CD61A4207FC001B4EFC /* PBXContainerItemProxy */ = {
			isa = PBXContainerItemProxy;
			containerPortal = 63B51CB11A4207FC001B4EFC /* Project object */;
			proxyType = 1;
			remoteGlobalIDString = 63B51CB81A4207FC001B4EFC;
			remoteInfo = KeychainKitSample;
		};
		63B51D161A421F52001B4EFC /* PBXContainerItemProxy */ = {
			isa = PBXContainerItemProxy;
			containerPortal = 63B51CB11A4207FC001B4EFC /* Project object */;
			proxyType = 1;
			remoteGlobalIDString = 63B51D091A421F52001B4EFC;
			remoteInfo = KeychainKit;
		};
		63B51D181A421F52001B4EFC /* PBXContainerItemProxy */ = {
			isa = PBXContainerItemProxy;
			containerPortal = 63B51CB11A4207FC001B4EFC /* Project object */;
			proxyType = 1;
			remoteGlobalIDString = 63B51CB81A4207FC001B4EFC;
			remoteInfo = KeychainKitSample;
		};
		63B51D1F1A421F52001B4EFC /* PBXContainerItemProxy */ = {
			isa = PBXContainerItemProxy;
			containerPortal = 63B51CB11A4207FC001B4EFC /* Project object */;
			proxyType = 1;
			remoteGlobalIDString = 63B51D091A421F52001B4EFC;
			remoteInfo = KeychainKit;
		};
/* End PBXContainerItemProxy section */

/* Begin PBXCopyFilesBuildPhase section */
		63B51D281A421F52001B4EFC /* Embed Frameworks */ = {
			isa = PBXCopyFilesBuildPhase;
			buildActionMask = 2147483647;
			dstPath = "";
			dstSubfolderSpec = 10;
			files = (
				63B51D221A421F52001B4EFC /* KeychainKit.framework in Embed Frameworks */,
			);
			name = "Embed Frameworks";
			runOnlyForDeploymentPostprocessing = 0;
		};
/* End PBXCopyFilesBuildPhase section */

/* Begin PBXFileReference section */
		6311D5801A5F20DA00937548 /* CoreFoundation.framework */ = {isa = PBXFileReference; lastKnownFileType = wrapper.framework; name = CoreFoundation.framework; path = System/Library/Frameworks/CoreFoundation.framework; sourceTree = SDKROOT; };
		6311D5821A5F20E000937548 /* Foundation.framework */ = {isa = PBXFileReference; lastKnownFileType = wrapper.framework; name = Foundation.framework; path = System/Library/Frameworks/Foundation.framework; sourceTree = SDKROOT; };
		63A8ABF71A9698DC00351C28 /* KKSDictionaryVisualizerViewController.h */ = {isa = PBXFileReference; fileEncoding = 4; lastKnownFileType = sourcecode.c.h; path = KKSDictionaryVisualizerViewController.h; sourceTree = "<group>"; };
		63A8ABF81A9698DC00351C28 /* KKSDictionaryVisualizerViewController.m */ = {isa = PBXFileReference; fileEncoding = 4; lastKnownFileType = sourcecode.c.objc; path = KKSDictionaryVisualizerViewController.m; sourceTree = "<group>"; };
		63A8ABFA1A96992300351C28 /* KKSAccountVisualizerViewController.h */ = {isa = PBXFileReference; fileEncoding = 4; lastKnownFileType = sourcecode.c.h; path = KKSAccountVisualizerViewController.h; sourceTree = "<group>"; };
		63A8ABFB1A96992300351C28 /* KKSAccountVisualizerViewController.m */ = {isa = PBXFileReference; fileEncoding = 4; lastKnownFileType = sourcecode.c.objc; path = KKSAccountVisualizerViewController.m; sourceTree = "<group>"; };
		63A8ABFD1A96993300351C28 /* KKSImageVisualizerViewController.h */ = {isa = PBXFileReference; fileEncoding = 4; lastKnownFileType = sourcecode.c.h; path = KKSImageVisualizerViewController.h; sourceTree = "<group>"; };
		63A8ABFE1A96993300351C28 /* KKSImageVisualizerViewController.m */ = {isa = PBXFileReference; fileEncoding = 4; lastKnownFileType = sourcecode.c.objc; path = KKSImageVisualizerViewController.m; sourceTree = "<group>"; };
		63A8AC001A96AA0200351C28 /* KKSAddDictionaryPairView.h */ = {isa = PBXFileReference; fileEncoding = 4; lastKnownFileType = sourcecode.c.h; path = KKSAddDictionaryPairView.h; sourceTree = "<group>"; };
		63A8AC011A96AA0200351C28 /* KKSAddDictionaryPairView.m */ = {isa = PBXFileReference; fileEncoding = 4; lastKnownFileType = sourcecode.c.objc; path = KKSAddDictionaryPairView.m; sourceTree = "<group>"; };
		63B51CB91A4207FC001B4EFC /* KeychainKitSample.app */ = {isa = PBXFileReference; explicitFileType = wrapper.application; includeInIndex = 0; path = KeychainKitSample.app; sourceTree = BUILT_PRODUCTS_DIR; };
		63B51CBD1A4207FC001B4EFC /* Info.plist */ = {isa = PBXFileReference; lastKnownFileType = text.plist.xml; path = Info.plist; sourceTree = "<group>"; };
		63B51CBE1A4207FC001B4EFC /* main.m */ = {isa = PBXFileReference; lastKnownFileType = sourcecode.c.objc; path = main.m; sourceTree = "<group>"; };
		63B51CC01A4207FC001B4EFC /* AppDelegate.h */ = {isa = PBXFileReference; lastKnownFileType = sourcecode.c.h; path = AppDelegate.h; sourceTree = "<group>"; };
		63B51CC11A4207FC001B4EFC /* AppDelegate.m */ = {isa = PBXFileReference; lastKnownFileType = sourcecode.c.objc; path = AppDelegate.m; sourceTree = "<group>"; };
		63B51CCA1A4207FC001B4EFC /* Base */ = {isa = PBXFileReference; lastKnownFileType = file.storyboard; name = Base; path = Base.lproj/Main.storyboard; sourceTree = "<group>"; };
		63B51CCC1A4207FC001B4EFC /* Images.xcassets */ = {isa = PBXFileReference; lastKnownFileType = folder.assetcatalog; path = Images.xcassets; sourceTree = "<group>"; };
		63B51CCF1A4207FC001B4EFC /* Base */ = {isa = PBXFileReference; lastKnownFileType = file.xib; name = Base; path = Base.lproj/LaunchScreen.xib; sourceTree = "<group>"; };
		63B51CD51A4207FC001B4EFC /* KeychainKitSampleTests.xctest */ = {isa = PBXFileReference; explicitFileType = wrapper.cfbundle; includeInIndex = 0; path = KeychainKitSampleTests.xctest; sourceTree = BUILT_PRODUCTS_DIR; };
		63B51CDA1A4207FC001B4EFC /* Info.plist */ = {isa = PBXFileReference; lastKnownFileType = text.plist.xml; path = Info.plist; sourceTree = "<group>"; };
		63B51CDB1A4207FC001B4EFC /* KeychainKitSampleTests.m */ = {isa = PBXFileReference; lastKnownFileType = sourcecode.c.objc; path = KeychainKitSampleTests.m; sourceTree = "<group>"; };
		63B51D0A1A421F52001B4EFC /* KeychainKit.framework */ = {isa = PBXFileReference; explicitFileType = wrapper.framework; includeInIndex = 0; path = KeychainKit.framework; sourceTree = BUILT_PRODUCTS_DIR; };
		63B51D0D1A421F52001B4EFC /* Info.plist */ = {isa = PBXFileReference; lastKnownFileType = text.plist.xml; path = Info.plist; sourceTree = "<group>"; };
		63B51D0E1A421F52001B4EFC /* KeychainKit.h */ = {isa = PBXFileReference; lastKnownFileType = sourcecode.c.h; path = KeychainKit.h; sourceTree = "<group>"; };
		63B51D141A421F52001B4EFC /* KeychainKitTests.xctest */ = {isa = PBXFileReference; explicitFileType = wrapper.cfbundle; includeInIndex = 0; path = KeychainKitTests.xctest; sourceTree = BUILT_PRODUCTS_DIR; };
		63B51D1C1A421F52001B4EFC /* Info.plist */ = {isa = PBXFileReference; lastKnownFileType = text.plist.xml; path = Info.plist; sourceTree = "<group>"; };
		63B51D1D1A421F52001B4EFC /* KeychainKitTests.m */ = {isa = PBXFileReference; lastKnownFileType = sourcecode.c.objc; path = KeychainKitTests.m; sourceTree = "<group>"; };
		63B51D2A1A421F6D001B4EFC /* Security.framework */ = {isa = PBXFileReference; lastKnownFileType = wrapper.framework; name = Security.framework; path = System/Library/Frameworks/Security.framework; sourceTree = SDKROOT; };
		63B51D2C1A422104001B4EFC /* KKKeychainSession.h */ = {isa = PBXFileReference; fileEncoding = 4; lastKnownFileType = sourcecode.c.h; path = KKKeychainSession.h; sourceTree = "<group>"; };
		63B51D2D1A422104001B4EFC /* KKKeychainSession.m */ = {isa = PBXFileReference; fileEncoding = 4; lastKnownFileType = sourcecode.c.objc; path = KKKeychainSession.m; sourceTree = "<group>"; };
		63B51D301A422115001B4EFC /* KKKeychainOperation.h */ = {isa = PBXFileReference; fileEncoding = 4; lastKnownFileType = sourcecode.c.h; path = KKKeychainOperation.h; sourceTree = "<group>"; };
		63B51D311A422115001B4EFC /* KKKeychainOperation.m */ = {isa = PBXFileReference; fileEncoding = 4; lastKnownFileType = sourcecode.c.objc; path = KKKeychainOperation.m; sourceTree = "<group>"; };
		63B51D381A4221A4001B4EFC /* KKSKeychainHandler.h */ = {isa = PBXFileReference; fileEncoding = 4; lastKnownFileType = sourcecode.c.h; path = KKSKeychainHandler.h; sourceTree = "<group>"; };
		63B51D391A4221A4001B4EFC /* KKSKeychainHandler.m */ = {isa = PBXFileReference; fileEncoding = 4; lastKnownFileType = sourcecode.c.objc; path = KKSKeychainHandler.m; sourceTree = "<group>"; };
		63B51D3B1A422722001B4EFC /* KKError.h */ = {isa = PBXFileReference; lastKnownFileType = sourcecode.c.h; path = KKError.h; sourceTree = "<group>"; };
		63D04EEC1A62BC5E003B31DB /* KKKeychainGenericPassword.h */ = {isa = PBXFileReference; fileEncoding = 4; lastKnownFileType = sourcecode.c.h; path = KKKeychainGenericPassword.h; sourceTree = "<group>"; };
		63D04EED1A62BC5E003B31DB /* KKKeychainGenericPassword.m */ = {isa = PBXFileReference; fileEncoding = 4; lastKnownFileType = sourcecode.c.objc; path = KKKeychainGenericPassword.m; sourceTree = "<group>"; };
		63D04EEE1A62BC5E003B31DB /* KKKeychainInternetPassword.h */ = {isa = PBXFileReference; fileEncoding = 4; lastKnownFileType = sourcecode.c.h; path = KKKeychainInternetPassword.h; sourceTree = "<group>"; };
		63D04EEF1A62BC5E003B31DB /* KKKeychainInternetPassword.m */ = {isa = PBXFileReference; fileEncoding = 4; lastKnownFileType = sourcecode.c.objc; path = KKKeychainInternetPassword.m; sourceTree = "<group>"; };
		63D04EF01A62BC5E003B31DB /* KKKeychainItem.h */ = {isa = PBXFileReference; fileEncoding = 4; lastKnownFileType = sourcecode.c.h; path = KKKeychainItem.h; sourceTree = "<group>"; };
		63D04EF11A62BC5E003B31DB /* KKKeychainItem.m */ = {isa = PBXFileReference; fileEncoding = 4; lastKnownFileType = sourcecode.c.objc; path = KKKeychainItem.m; sourceTree = "<group>"; };
		63D04EF21A62BC5E003B31DB /* KKKeychainItem_KeychainKitInterface.h */ = {isa = PBXFileReference; fileEncoding = 4; lastKnownFileType = sourcecode.c.h; path = KKKeychainItem_KeychainKitInterface.h; sourceTree = "<group>"; };
		63D04EF31A62BC5E003B31DB /* KKKeychainPassword.h */ = {isa = PBXFileReference; fileEncoding = 4; lastKnownFileType = sourcecode.c.h; path = KKKeychainPassword.h; sourceTree = "<group>"; };
		63D04EF41A62BC5E003B31DB /* KKKeychainPassword.m */ = {isa = PBXFileReference; fileEncoding = 4; lastKnownFileType = sourcecode.c.objc; path = KKKeychainPassword.m; sourceTree = "<group>"; };
		63D04F061A62BD5E003B31DB /* NSMutableDictionary+KeychainKit.h */ = {isa = PBXFileReference; fileEncoding = 4; lastKnownFileType = sourcecode.c.h; path = "NSMutableDictionary+KeychainKit.h"; sourceTree = "<group>"; };
		63D04F071A62BD5E003B31DB /* NSMutableDictionary+KeychainKit.m */ = {isa = PBXFileReference; fileEncoding = 4; lastKnownFileType = sourcecode.c.objc; path = "NSMutableDictionary+KeychainKit.m"; sourceTree = "<group>"; };
		63D04F0C1A62E338003B31DB /* KKKeychainPassword_KeychainKitInterface.h */ = {isa = PBXFileReference; fileEncoding = 4; lastKnownFileType = sourcecode.c.h; path = KKKeychainPassword_KeychainKitInterface.h; sourceTree = "<group>"; };
		63D14DEC1A93D5F30089A048 /* KKKeychainSampleViewController.h */ = {isa = PBXFileReference; fileEncoding = 4; lastKnownFileType = sourcecode.c.h; path = KKKeychainSampleViewController.h; sourceTree = "<group>"; };
		63D14DED1A93D5F30089A048 /* KKKeychainSampleViewController.m */ = {isa = PBXFileReference; fileEncoding = 4; lastKnownFileType = sourcecode.c.objc; path = KKKeychainSampleViewController.m; sourceTree = "<group>"; };
		63D14DEF1A93D61C0089A048 /* KKKeychainSampleDataModel.h */ = {isa = PBXFileReference; fileEncoding = 4; lastKnownFileType = sourcecode.c.h; path = KKKeychainSampleDataModel.h; sourceTree = "<group>"; };
		63D14DF01A93D61C0089A048 /* KKKeychainSampleDataModel.m */ = {isa = PBXFileReference; fileEncoding = 4; lastKnownFileType = sourcecode.c.objc; path = KKKeychainSampleDataModel.m; sourceTree = "<group>"; };
		63D14DF21A93D8A00089A048 /* KKKeychainSampleUIDataAdapter.h */ = {isa = PBXFileReference; fileEncoding = 4; lastKnownFileType = sourcecode.c.h; path = KKKeychainSampleUIDataAdapter.h; sourceTree = "<group>"; };
		63D14DF31A93D8A00089A048 /* KKKeychainSampleUIDataAdapter.m */ = {isa = PBXFileReference; fileEncoding = 4; lastKnownFileType = sourcecode.c.objc; path = KKKeychainSampleUIDataAdapter.m; sourceTree = "<group>"; };
		63D14DF51A93E4510089A048 /* KKKeychainSampleItemViewController.h */ = {isa = PBXFileReference; fileEncoding = 4; lastKnownFileType = sourcecode.c.h; path = KKKeychainSampleItemViewController.h; sourceTree = "<group>"; };
		63D14DF61A93E4510089A048 /* KKKeychainSampleItemViewController.m */ = {isa = PBXFileReference; fileEncoding = 4; lastKnownFileType = sourcecode.c.objc; path = KKKeychainSampleItemViewController.m; sourceTree = "<group>"; };
		63D5E0D01A9524060080F776 /* KKKeychainSampleItemDataVisualizer.h */ = {isa = PBXFileReference; fileEncoding = 4; lastKnownFileType = sourcecode.c.h; path = KKKeychainSampleItemDataVisualizer.h; sourceTree = "<group>"; };
		63D5E0D11A952F260080F776 /* KKSStringVisualizerViewController.h */ = {isa = PBXFileReference; fileEncoding = 4; lastKnownFileType = sourcecode.c.h; path = KKSStringVisualizerViewController.h; sourceTree = "<group>"; };
		63D5E0D21A952F260080F776 /* KKSStringVisualizerViewController.m */ = {isa = PBXFileReference; fileEncoding = 4; lastKnownFileType = sourcecode.c.objc; path = KKSStringVisualizerViewController.m; sourceTree = "<group>"; };
		63E3258E1A968EB400342987 /* KKKeychainSampleModelDataConverter.h */ = {isa = PBXFileReference; fileEncoding = 4; lastKnownFileType = sourcecode.c.h; path = KKKeychainSampleModelDataConverter.h; sourceTree = "<group>"; };
		63E3258F1A968EB400342987 /* KKKeychainSampleModelDataConverter.m */ = {isa = PBXFileReference; fileEncoding = 4; lastKnownFileType = sourcecode.c.objc; path = KKKeychainSampleModelDataConverter.m; sourceTree = "<group>"; };
		63E325911A968F8A00342987 /* KKKeychainSampleStringModelDataConverter.h */ = {isa = PBXFileReference; fileEncoding = 4; lastKnownFileType = sourcecode.c.h; path = KKKeychainSampleStringModelDataConverter.h; sourceTree = "<group>"; };
		63E325921A968F8A00342987 /* KKKeychainSampleStringModelDataConverter.m */ = {isa = PBXFileReference; fileEncoding = 4; lastKnownFileType = sourcecode.c.objc; path = KKKeychainSampleStringModelDataConverter.m; sourceTree = "<group>"; };
		63E325941A96902B00342987 /* KKKeychainSampleDictionaryModelDataConverter.h */ = {isa = PBXFileReference; fileEncoding = 4; lastKnownFileType = sourcecode.c.h; path = KKKeychainSampleDictionaryModelDataConverter.h; sourceTree = "<group>"; };
		63E325951A96902B00342987 /* KKKeychainSampleDictionaryModelDataConverter.m */ = {isa = PBXFileReference; fileEncoding = 4; lastKnownFileType = sourcecode.c.objc; path = KKKeychainSampleDictionaryModelDataConverter.m; sourceTree = "<group>"; };
		63E325971A96915100342987 /* KKKeychainSampleImageModelDataConverter.h */ = {isa = PBXFileReference; fileEncoding = 4; lastKnownFileType = sourcecode.c.h; path = KKKeychainSampleImageModelDataConverter.h; sourceTree = "<group>"; };
		63E325981A96915100342987 /* KKKeychainSampleImageModelDataConverter.m */ = {isa = PBXFileReference; fileEncoding = 4; lastKnownFileType = sourcecode.c.objc; path = KKKeychainSampleImageModelDataConverter.m; sourceTree = "<group>"; };
		63E3259B1A96949F00342987 /* KKKeychainSampleVisualizerViewController.h */ = {isa = PBXFileReference; fileEncoding = 4; lastKnownFileType = sourcecode.c.h; path = KKKeychainSampleVisualizerViewController.h; sourceTree = "<group>"; };
		63E3259C1A96949F00342987 /* KKKeychainSampleVisualizerViewController.m */ = {isa = PBXFileReference; fileEncoding = 4; lastKnownFileType = sourcecode.c.objc; path = KKKeychainSampleVisualizerViewController.m; sourceTree = "<group>"; };
		63E3259E1A9694F300342987 /* KKKeychainSampleVisualizerViewController_KKSPrivateInterface.h */ = {isa = PBXFileReference; fileEncoding = 4; lastKnownFileType = sourcecode.c.h; path = KKKeychainSampleVisualizerViewController_KKSPrivateInterface.h; sourceTree = "<group>"; };
/* End PBXFileReference section */

/* Begin PBXFrameworksBuildPhase section */
		63B51CB61A4207FC001B4EFC /* Frameworks */ = {
			isa = PBXFrameworksBuildPhase;
			buildActionMask = 2147483647;
			files = (
				63DFAD5D1A5F05240079B0B2 /* KeychainKit.framework in Frameworks */,
			);
			runOnlyForDeploymentPostprocessing = 0;
		};
		63B51CD21A4207FC001B4EFC /* Frameworks */ = {
			isa = PBXFrameworksBuildPhase;
			buildActionMask = 2147483647;
			files = (
			);
			runOnlyForDeploymentPostprocessing = 0;
		};
		63B51D061A421F52001B4EFC /* Frameworks */ = {
			isa = PBXFrameworksBuildPhase;
			buildActionMask = 2147483647;
			files = (
				6311D5831A5F20E000937548 /* Foundation.framework in Frameworks */,
				6311D5811A5F20DA00937548 /* CoreFoundation.framework in Frameworks */,
				63B51D2B1A421F6D001B4EFC /* Security.framework in Frameworks */,
			);
			runOnlyForDeploymentPostprocessing = 0;
		};
		63B51D111A421F52001B4EFC /* Frameworks */ = {
			isa = PBXFrameworksBuildPhase;
			buildActionMask = 2147483647;
			files = (
				63B51D151A421F52001B4EFC /* KeychainKit.framework in Frameworks */,
			);
			runOnlyForDeploymentPostprocessing = 0;
		};
/* End PBXFrameworksBuildPhase section */

/* Begin PBXGroup section */
		6311D5841A5F20EC00937548 /* Frameworks */ = {
			isa = PBXGroup;
			children = (
				6311D5821A5F20E000937548 /* Foundation.framework */,
				6311D5801A5F20DA00937548 /* CoreFoundation.framework */,
				63B51D2A1A421F6D001B4EFC /* Security.framework */,
			);
			name = Frameworks;
			sourceTree = "<group>";
		};
		63B51CB01A4207FC001B4EFC = {
			isa = PBXGroup;
			children = (
				63B51CBB1A4207FC001B4EFC /* KeychainKitSample */,
				63B51CD81A4207FC001B4EFC /* KeychainKitSampleTests */,
				63B51D0B1A421F52001B4EFC /* KeychainKit */,
				6311D5841A5F20EC00937548 /* Frameworks */,
				63B51D1A1A421F52001B4EFC /* KeychainKitTests */,
				63B51CBA1A4207FC001B4EFC /* Products */,
			);
			sourceTree = "<group>";
		};
		63B51CBA1A4207FC001B4EFC /* Products */ = {
			isa = PBXGroup;
			children = (
				63B51CB91A4207FC001B4EFC /* KeychainKitSample.app */,
				63B51CD51A4207FC001B4EFC /* KeychainKitSampleTests.xctest */,
				63B51D0A1A421F52001B4EFC /* KeychainKit.framework */,
				63B51D141A421F52001B4EFC /* KeychainKitTests.xctest */,
			);
			name = Products;
			sourceTree = "<group>";
		};
		63B51CBB1A4207FC001B4EFC /* KeychainKitSample */ = {
			isa = PBXGroup;
			children = (
				63B51CF41A421563001B4EFC /* ViewControllers */,
				63D5E0CF1A951B3E0080F776 /* Views */,
				63B51D041A421586001B4EFC /* Handlers */,
				63D14DEB1A93D5BF0089A048 /* Model */,
				63B51CC01A4207FC001B4EFC /* AppDelegate.h */,
				63B51CC11A4207FC001B4EFC /* AppDelegate.m */,
				63B51CC91A4207FC001B4EFC /* Main.storyboard */,
				63B51CCC1A4207FC001B4EFC /* Images.xcassets */,
				63B51CCE1A4207FC001B4EFC /* LaunchScreen.xib */,
				63B51CBC1A4207FC001B4EFC /* Supporting Files */,
			);
			path = KeychainKitSample;
			sourceTree = "<group>";
		};
		63B51CBC1A4207FC001B4EFC /* Supporting Files */ = {
			isa = PBXGroup;
			children = (
				63B51CBD1A4207FC001B4EFC /* Info.plist */,
				63B51CBE1A4207FC001B4EFC /* main.m */,
			);
			name = "Supporting Files";
			sourceTree = "<group>";
		};
		63B51CD81A4207FC001B4EFC /* KeychainKitSampleTests */ = {
			isa = PBXGroup;
			children = (
				63B51CDB1A4207FC001B4EFC /* KeychainKitSampleTests.m */,
				63B51CD91A4207FC001B4EFC /* Supporting Files */,
			);
			path = KeychainKitSampleTests;
			sourceTree = "<group>";
		};
		63B51CD91A4207FC001B4EFC /* Supporting Files */ = {
			isa = PBXGroup;
			children = (
				63B51CDA1A4207FC001B4EFC /* Info.plist */,
			);
			name = "Supporting Files";
			sourceTree = "<group>";
		};
		63B51CF41A421563001B4EFC /* ViewControllers */ = {
			isa = PBXGroup;
			children = (
				63D14DEC1A93D5F30089A048 /* KKKeychainSampleViewController.h */,
				63D14DED1A93D5F30089A048 /* KKKeychainSampleViewController.m */,
				63D14DF51A93E4510089A048 /* KKKeychainSampleItemViewController.h */,
				63D14DF61A93E4510089A048 /* KKKeychainSampleItemViewController.m */,
				63E3259B1A96949F00342987 /* KKKeychainSampleVisualizerViewController.h */,
				63E3259C1A96949F00342987 /* KKKeychainSampleVisualizerViewController.m */,
				63E3259E1A9694F300342987 /* KKKeychainSampleVisualizerViewController_KKSPrivateInterface.h */,
				63D5E0D11A952F260080F776 /* KKSStringVisualizerViewController.h */,
				63D5E0D21A952F260080F776 /* KKSStringVisualizerViewController.m */,
				63A8ABFA1A96992300351C28 /* KKSAccountVisualizerViewController.h */,
				63A8ABFB1A96992300351C28 /* KKSAccountVisualizerViewController.m */,
				63A8ABF71A9698DC00351C28 /* KKSDictionaryVisualizerViewController.h */,
				63A8ABF81A9698DC00351C28 /* KKSDictionaryVisualizerViewController.m */,
				63A8ABFD1A96993300351C28 /* KKSImageVisualizerViewController.h */,
				63A8ABFE1A96993300351C28 /* KKSImageVisualizerViewController.m */,
			);
			path = ViewControllers;
			sourceTree = "<group>";
		};
		63B51D041A421586001B4EFC /* Handlers */ = {
			isa = PBXGroup;
			children = (
				63B51D381A4221A4001B4EFC /* KKSKeychainHandler.h */,
				63B51D391A4221A4001B4EFC /* KKSKeychainHandler.m */,
				63D14DF21A93D8A00089A048 /* KKKeychainSampleUIDataAdapter.h */,
				63D14DF31A93D8A00089A048 /* KKKeychainSampleUIDataAdapter.m */,
				63D5E0D01A9524060080F776 /* KKKeychainSampleItemDataVisualizer.h */,
				63E3258E1A968EB400342987 /* KKKeychainSampleModelDataConverter.h */,
				63E3258F1A968EB400342987 /* KKKeychainSampleModelDataConverter.m */,
				63E325911A968F8A00342987 /* KKKeychainSampleStringModelDataConverter.h */,
				63E325921A968F8A00342987 /* KKKeychainSampleStringModelDataConverter.m */,
				63E325941A96902B00342987 /* KKKeychainSampleDictionaryModelDataConverter.h */,
				63E325951A96902B00342987 /* KKKeychainSampleDictionaryModelDataConverter.m */,
				63E325971A96915100342987 /* KKKeychainSampleImageModelDataConverter.h */,
				63E325981A96915100342987 /* KKKeychainSampleImageModelDataConverter.m */,
			);
			path = Handlers;
			sourceTree = "<group>";
		};
		63B51D0B1A421F52001B4EFC /* KeychainKit */ = {
			isa = PBXGroup;
			children = (
				63B51D0E1A421F52001B4EFC /* KeychainKit.h */,
				63B51D3B1A422722001B4EFC /* KKError.h */,
				63B51D2C1A422104001B4EFC /* KKKeychainSession.h */,
				63B51D2D1A422104001B4EFC /* KKKeychainSession.m */,
				63B51D301A422115001B4EFC /* KKKeychainOperation.h */,
				63B51D311A422115001B4EFC /* KKKeychainOperation.m */,
				63D04EEA1A62BC5E003B31DB /* Categories */,
				63D04EEB1A62BC5E003B31DB /* Items */,
				63B51D0C1A421F52001B4EFC /* Supporting Files */,
			);
			path = KeychainKit;
			sourceTree = "<group>";
		};
		63B51D0C1A421F52001B4EFC /* Supporting Files */ = {
			isa = PBXGroup;
			children = (
				63B51D0D1A421F52001B4EFC /* Info.plist */,
			);
			name = "Supporting Files";
			sourceTree = "<group>";
		};
		63B51D1A1A421F52001B4EFC /* KeychainKitTests */ = {
			isa = PBXGroup;
			children = (
				63B51D1D1A421F52001B4EFC /* KeychainKitTests.m */,
				63B51D1B1A421F52001B4EFC /* Supporting Files */,
			);
			path = KeychainKitTests;
			sourceTree = "<group>";
		};
		63B51D1B1A421F52001B4EFC /* Supporting Files */ = {
			isa = PBXGroup;
			children = (
				63B51D1C1A421F52001B4EFC /* Info.plist */,
			);
			name = "Supporting Files";
			sourceTree = "<group>";
		};
		63D04EEA1A62BC5E003B31DB /* Categories */ = {
			isa = PBXGroup;
			children = (
				63D04F061A62BD5E003B31DB /* NSMutableDictionary+KeychainKit.h */,
				63D04F071A62BD5E003B31DB /* NSMutableDictionary+KeychainKit.m */,
			);
			path = Categories;
			sourceTree = "<group>";
		};
		63D04EEB1A62BC5E003B31DB /* Items */ = {
			isa = PBXGroup;
			children = (
				63D04EEC1A62BC5E003B31DB /* KKKeychainGenericPassword.h */,
				63D04EED1A62BC5E003B31DB /* KKKeychainGenericPassword.m */,
				63D04EEE1A62BC5E003B31DB /* KKKeychainInternetPassword.h */,
				63D04EEF1A62BC5E003B31DB /* KKKeychainInternetPassword.m */,
				63D04EF01A62BC5E003B31DB /* KKKeychainItem.h */,
				63D04EF11A62BC5E003B31DB /* KKKeychainItem.m */,
				63D04EF21A62BC5E003B31DB /* KKKeychainItem_KeychainKitInterface.h */,
				63D04EF31A62BC5E003B31DB /* KKKeychainPassword.h */,
				63D04EF41A62BC5E003B31DB /* KKKeychainPassword.m */,
				63D04F0C1A62E338003B31DB /* KKKeychainPassword_KeychainKitInterface.h */,
			);
			path = Items;
			sourceTree = "<group>";
		};
		63D14DEB1A93D5BF0089A048 /* Model */ = {
			isa = PBXGroup;
			children = (
				63D14DEF1A93D61C0089A048 /* KKKeychainSampleDataModel.h */,
				63D14DF01A93D61C0089A048 /* KKKeychainSampleDataModel.m */,
			);
			path = Model;
			sourceTree = "<group>";
		};
		63D5E0CF1A951B3E0080F776 /* Views */ = {
			isa = PBXGroup;
			children = (
				63A8AC001A96AA0200351C28 /* KKSAddDictionaryPairView.h */,
				63A8AC011A96AA0200351C28 /* KKSAddDictionaryPairView.m */,
			);
			path = Views;
			sourceTree = "<group>";
		};
/* End PBXGroup section */

/* Begin PBXHeadersBuildPhase section */
		63B51D071A421F52001B4EFC /* Headers */ = {
			isa = PBXHeadersBuildPhase;
			buildActionMask = 2147483647;
			files = (
				63B51D0F1A421F52001B4EFC /* KeychainKit.h in Headers */,
				63D04EFB1A62BC5E003B31DB /* KKKeychainItem_KeychainKitInterface.h in Headers */,
				63D04EF91A62BC5E003B31DB /* KKKeychainItem.h in Headers */,
				63B51D321A422115001B4EFC /* KKKeychainOperation.h in Headers */,
				63B51D2E1A422104001B4EFC /* KKKeychainSession.h in Headers */,
				63DFAD5C1A5F03C00079B0B2 /* KKError.h in Headers */,
				63D04EFC1A62BC5E003B31DB /* KKKeychainPassword.h in Headers */,
				63D04F0D1A62E338003B31DB /* KKKeychainPassword_KeychainKitInterface.h in Headers */,
				63D04EF51A62BC5E003B31DB /* KKKeychainGenericPassword.h in Headers */,
				63D04EF71A62BC5E003B31DB /* KKKeychainInternetPassword.h in Headers */,
				63D04F081A62BD5E003B31DB /* NSMutableDictionary+KeychainKit.h in Headers */,
			);
			runOnlyForDeploymentPostprocessing = 0;
		};
/* End PBXHeadersBuildPhase section */

/* Begin PBXNativeTarget section */
		63B51CB81A4207FC001B4EFC /* KeychainKitSample */ = {
			isa = PBXNativeTarget;
			buildConfigurationList = 63B51CDF1A4207FC001B4EFC /* Build configuration list for PBXNativeTarget "KeychainKitSample" */;
			buildPhases = (
				63B51CB51A4207FC001B4EFC /* Sources */,
				63B51CB61A4207FC001B4EFC /* Frameworks */,
				63B51CB71A4207FC001B4EFC /* Resources */,
				63B51D281A421F52001B4EFC /* Embed Frameworks */,
			);
			buildRules = (
			);
			dependencies = (
				63B51D201A421F52001B4EFC /* PBXTargetDependency */,
			);
			name = KeychainKitSample;
			productName = KeychainKitSample;
			productReference = 63B51CB91A4207FC001B4EFC /* KeychainKitSample.app */;
			productType = "com.apple.product-type.application";
		};
		63B51CD41A4207FC001B4EFC /* KeychainKitSampleTests */ = {
			isa = PBXNativeTarget;
			buildConfigurationList = 63B51CE21A4207FC001B4EFC /* Build configuration list for PBXNativeTarget "KeychainKitSampleTests" */;
			buildPhases = (
				63B51CD11A4207FC001B4EFC /* Sources */,
				63B51CD21A4207FC001B4EFC /* Frameworks */,
				63B51CD31A4207FC001B4EFC /* Resources */,
			);
			buildRules = (
			);
			dependencies = (
				63B51CD71A4207FC001B4EFC /* PBXTargetDependency */,
			);
			name = KeychainKitSampleTests;
			productName = KeychainKitSampleTests;
			productReference = 63B51CD51A4207FC001B4EFC /* KeychainKitSampleTests.xctest */;
			productType = "com.apple.product-type.bundle.unit-test";
		};
		63B51D091A421F52001B4EFC /* KeychainKit */ = {
			isa = PBXNativeTarget;
			buildConfigurationList = 63B51D271A421F52001B4EFC /* Build configuration list for PBXNativeTarget "KeychainKit" */;
			buildPhases = (
				63B51D051A421F52001B4EFC /* Sources */,
				63B51D061A421F52001B4EFC /* Frameworks */,
				63B51D071A421F52001B4EFC /* Headers */,
				63B51D081A421F52001B4EFC /* Resources */,
			);
			buildRules = (
			);
			dependencies = (
			);
			name = KeychainKit;
			productName = KeychainKit;
			productReference = 63B51D0A1A421F52001B4EFC /* KeychainKit.framework */;
			productType = "com.apple.product-type.framework";
		};
		63B51D131A421F52001B4EFC /* KeychainKitTests */ = {
			isa = PBXNativeTarget;
			buildConfigurationList = 63B51D291A421F52001B4EFC /* Build configuration list for PBXNativeTarget "KeychainKitTests" */;
			buildPhases = (
				63B51D101A421F52001B4EFC /* Sources */,
				63B51D111A421F52001B4EFC /* Frameworks */,
				63B51D121A421F52001B4EFC /* Resources */,
			);
			buildRules = (
			);
			dependencies = (
				63B51D171A421F52001B4EFC /* PBXTargetDependency */,
				63B51D191A421F52001B4EFC /* PBXTargetDependency */,
			);
			name = KeychainKitTests;
			productName = KeychainKitTests;
			productReference = 63B51D141A421F52001B4EFC /* KeychainKitTests.xctest */;
			productType = "com.apple.product-type.bundle.unit-test";
		};
/* End PBXNativeTarget section */

/* Begin PBXProject section */
		63B51CB11A4207FC001B4EFC /* Project object */ = {
			isa = PBXProject;
			attributes = {
				CLASSPREFIX = KKS;
				LastUpgradeCheck = 0610;
				ORGANIZATIONNAME = "David Live Org";
				TargetAttributes = {
					63B51CB81A4207FC001B4EFC = {
						CreatedOnToolsVersion = 6.1.1;
					};
					63B51CD41A4207FC001B4EFC = {
						CreatedOnToolsVersion = 6.1.1;
						TestTargetID = 63B51CB81A4207FC001B4EFC;
					};
					63B51D091A421F52001B4EFC = {
						CreatedOnToolsVersion = 6.1.1;
					};
					63B51D131A421F52001B4EFC = {
						CreatedOnToolsVersion = 6.1.1;
						TestTargetID = 63B51CB81A4207FC001B4EFC;
					};
				};
			};
			buildConfigurationList = 63B51CB41A4207FC001B4EFC /* Build configuration list for PBXProject "KeychainKitSample" */;
			compatibilityVersion = "Xcode 3.2";
			developmentRegion = English;
			hasScannedForEncodings = 0;
			knownRegions = (
				en,
				Base,
			);
			mainGroup = 63B51CB01A4207FC001B4EFC;
			productRefGroup = 63B51CBA1A4207FC001B4EFC /* Products */;
			projectDirPath = "";
			projectRoot = "";
			targets = (
				63B51CB81A4207FC001B4EFC /* KeychainKitSample */,
				63B51CD41A4207FC001B4EFC /* KeychainKitSampleTests */,
				63B51D091A421F52001B4EFC /* KeychainKit */,
				63B51D131A421F52001B4EFC /* KeychainKitTests */,
			);
		};
/* End PBXProject section */

/* Begin PBXResourcesBuildPhase section */
		63B51CB71A4207FC001B4EFC /* Resources */ = {
			isa = PBXResourcesBuildPhase;
			buildActionMask = 2147483647;
			files = (
				63B51CCB1A4207FC001B4EFC /* Main.storyboard in Resources */,
				63B51CD01A4207FC001B4EFC /* LaunchScreen.xib in Resources */,
				63B51CCD1A4207FC001B4EFC /* Images.xcassets in Resources */,
			);
			runOnlyForDeploymentPostprocessing = 0;
		};
		63B51CD31A4207FC001B4EFC /* Resources */ = {
			isa = PBXResourcesBuildPhase;
			buildActionMask = 2147483647;
			files = (
			);
			runOnlyForDeploymentPostprocessing = 0;
		};
		63B51D081A421F52001B4EFC /* Resources */ = {
			isa = PBXResourcesBuildPhase;
			buildActionMask = 2147483647;
			files = (
			);
			runOnlyForDeploymentPostprocessing = 0;
		};
		63B51D121A421F52001B4EFC /* Resources */ = {
			isa = PBXResourcesBuildPhase;
			buildActionMask = 2147483647;
			files = (
			);
			runOnlyForDeploymentPostprocessing = 0;
		};
/* End PBXResourcesBuildPhase section */

/* Begin PBXSourcesBuildPhase section */
		63B51CB51A4207FC001B4EFC /* Sources */ = {
			isa = PBXSourcesBuildPhase;
			buildActionMask = 2147483647;
			files = (
				63A8ABF91A9698DC00351C28 /* KKSDictionaryVisualizerViewController.m in Sources */,
				63B51D3A1A4221A4001B4EFC /* KKSKeychainHandler.m in Sources */,
				63A8AC021A96AA0200351C28 /* KKSAddDictionaryPairView.m in Sources */,
				63D14DF11A93D61C0089A048 /* KKKeychainSampleDataModel.m in Sources */,
				63D14DF41A93D8A00089A048 /* KKKeychainSampleUIDataAdapter.m in Sources */,
				63E325931A968F8A00342987 /* KKKeychainSampleStringModelDataConverter.m in Sources */,
				63E325961A96902B00342987 /* KKKeychainSampleDictionaryModelDataConverter.m in Sources */,
				63A8ABFF1A96993300351C28 /* KKSImageVisualizerViewController.m in Sources */,
				63D5E0D31A952F260080F776 /* KKSStringVisualizerViewController.m in Sources */,
				63E325991A96915100342987 /* KKKeychainSampleImageModelDataConverter.m in Sources */,
				63E325901A968EB400342987 /* KKKeychainSampleModelDataConverter.m in Sources */,
				63E3259D1A96949F00342987 /* KKKeychainSampleVisualizerViewController.m in Sources */,
				63B51CC21A4207FC001B4EFC /* AppDelegate.m in Sources */,
				63D14DF71A93E4510089A048 /* KKKeychainSampleItemViewController.m in Sources */,
				63D14DEE1A93D5F30089A048 /* KKKeychainSampleViewController.m in Sources */,
				63B51CBF1A4207FC001B4EFC /* main.m in Sources */,
				63A8ABFC1A96992300351C28 /* KKSAccountVisualizerViewController.m in Sources */,
			);
			runOnlyForDeploymentPostprocessing = 0;
		};
		63B51CD11A4207FC001B4EFC /* Sources */ = {
			isa = PBXSourcesBuildPhase;
			buildActionMask = 2147483647;
			files = (
				63B51CDC1A4207FC001B4EFC /* KeychainKitSampleTests.m in Sources */,
			);
			runOnlyForDeploymentPostprocessing = 0;
		};
		63B51D051A421F52001B4EFC /* Sources */ = {
			isa = PBXSourcesBuildPhase;
			buildActionMask = 2147483647;
			files = (
				63D04EFA1A62BC5E003B31DB /* KKKeychainItem.m in Sources */,
				63B51D2F1A422104001B4EFC /* KKKeychainSession.m in Sources */,
				63D04EF61A62BC5E003B31DB /* KKKeychainGenericPassword.m in Sources */,
				63D04F091A62BD5E003B31DB /* NSMutableDictionary+KeychainKit.m in Sources */,
				63D04EF81A62BC5E003B31DB /* KKKeychainInternetPassword.m in Sources */,
				63D04EFD1A62BC5E003B31DB /* KKKeychainPassword.m in Sources */,
				63B51D331A422115001B4EFC /* KKKeychainOperation.m in Sources */,
			);
			runOnlyForDeploymentPostprocessing = 0;
		};
		63B51D101A421F52001B4EFC /* Sources */ = {
			isa = PBXSourcesBuildPhase;
			buildActionMask = 2147483647;
			files = (
				63B51D1E1A421F52001B4EFC /* KeychainKitTests.m in Sources */,
			);
			runOnlyForDeploymentPostprocessing = 0;
		};
/* End PBXSourcesBuildPhase section */

/* Begin PBXTargetDependency section */
		63B51CD71A4207FC001B4EFC /* PBXTargetDependency */ = {
			isa = PBXTargetDependency;
			target = 63B51CB81A4207FC001B4EFC /* KeychainKitSample */;
			targetProxy = 63B51CD61A4207FC001B4EFC /* PBXContainerItemProxy */;
		};
		63B51D171A421F52001B4EFC /* PBXTargetDependency */ = {
			isa = PBXTargetDependency;
			target = 63B51D091A421F52001B4EFC /* KeychainKit */;
			targetProxy = 63B51D161A421F52001B4EFC /* PBXContainerItemProxy */;
		};
		63B51D191A421F52001B4EFC /* PBXTargetDependency */ = {
			isa = PBXTargetDependency;
			target = 63B51CB81A4207FC001B4EFC /* KeychainKitSample */;
			targetProxy = 63B51D181A421F52001B4EFC /* PBXContainerItemProxy */;
		};
		63B51D201A421F52001B4EFC /* PBXTargetDependency */ = {
			isa = PBXTargetDependency;
			target = 63B51D091A421F52001B4EFC /* KeychainKit */;
			targetProxy = 63B51D1F1A421F52001B4EFC /* PBXContainerItemProxy */;
		};
/* End PBXTargetDependency section */

/* Begin PBXVariantGroup section */
		63B51CC91A4207FC001B4EFC /* Main.storyboard */ = {
			isa = PBXVariantGroup;
			children = (
				63B51CCA1A4207FC001B4EFC /* Base */,
			);
			name = Main.storyboard;
			sourceTree = "<group>";
		};
		63B51CCE1A4207FC001B4EFC /* LaunchScreen.xib */ = {
			isa = PBXVariantGroup;
			children = (
				63B51CCF1A4207FC001B4EFC /* Base */,
			);
			name = LaunchScreen.xib;
			sourceTree = "<group>";
		};
/* End PBXVariantGroup section */

/* Begin XCBuildConfiguration section */
		63B51CDD1A4207FC001B4EFC /* Debug */ = {
			isa = XCBuildConfiguration;
			buildSettings = {
				ALWAYS_SEARCH_USER_PATHS = NO;
				CLANG_CXX_LANGUAGE_STANDARD = "gnu++0x";
				CLANG_CXX_LIBRARY = "libc++";
				CLANG_ENABLE_MODULES = YES;
				CLANG_ENABLE_OBJC_ARC = YES;
				CLANG_WARN_BOOL_CONVERSION = YES;
				CLANG_WARN_CONSTANT_CONVERSION = YES;
				CLANG_WARN_DIRECT_OBJC_ISA_USAGE = YES_ERROR;
				CLANG_WARN_EMPTY_BODY = YES;
				CLANG_WARN_ENUM_CONVERSION = YES;
				CLANG_WARN_INT_CONVERSION = YES;
				CLANG_WARN_OBJC_ROOT_CLASS = YES_ERROR;
				CLANG_WARN_UNREACHABLE_CODE = YES;
				CLANG_WARN__DUPLICATE_METHOD_MATCH = YES;
				"CODE_SIGN_IDENTITY[sdk=iphoneos*]" = "iPhone Developer";
				COPY_PHASE_STRIP = NO;
				ENABLE_STRICT_OBJC_MSGSEND = YES;
				GCC_C_LANGUAGE_STANDARD = gnu99;
				GCC_DYNAMIC_NO_PIC = NO;
				GCC_OPTIMIZATION_LEVEL = 0;
				GCC_PREPROCESSOR_DEFINITIONS = (
					"DEBUG=1",
					"$(inherited)",
				);
				GCC_SYMBOLS_PRIVATE_EXTERN = NO;
				GCC_WARN_64_TO_32_BIT_CONVERSION = YES;
				GCC_WARN_ABOUT_RETURN_TYPE = YES_ERROR;
				GCC_WARN_UNDECLARED_SELECTOR = YES;
				GCC_WARN_UNINITIALIZED_AUTOS = YES_AGGRESSIVE;
				GCC_WARN_UNUSED_FUNCTION = YES;
				GCC_WARN_UNUSED_VARIABLE = YES;
				IPHONEOS_DEPLOYMENT_TARGET = 8.1;
				MTL_ENABLE_DEBUG_INFO = YES;
				ONLY_ACTIVE_ARCH = YES;
				SDKROOT = iphoneos;
				TARGETED_DEVICE_FAMILY = "1,2";
			};
			name = Debug;
		};
		63B51CDE1A4207FC001B4EFC /* Release */ = {
			isa = XCBuildConfiguration;
			buildSettings = {
				ALWAYS_SEARCH_USER_PATHS = NO;
				CLANG_CXX_LANGUAGE_STANDARD = "gnu++0x";
				CLANG_CXX_LIBRARY = "libc++";
				CLANG_ENABLE_MODULES = YES;
				CLANG_ENABLE_OBJC_ARC = YES;
				CLANG_WARN_BOOL_CONVERSION = YES;
				CLANG_WARN_CONSTANT_CONVERSION = YES;
				CLANG_WARN_DIRECT_OBJC_ISA_USAGE = YES_ERROR;
				CLANG_WARN_EMPTY_BODY = YES;
				CLANG_WARN_ENUM_CONVERSION = YES;
				CLANG_WARN_INT_CONVERSION = YES;
				CLANG_WARN_OBJC_ROOT_CLASS = YES_ERROR;
				CLANG_WARN_UNREACHABLE_CODE = YES;
				CLANG_WARN__DUPLICATE_METHOD_MATCH = YES;
				"CODE_SIGN_IDENTITY[sdk=iphoneos*]" = "iPhone Developer";
				COPY_PHASE_STRIP = YES;
				ENABLE_NS_ASSERTIONS = NO;
				ENABLE_STRICT_OBJC_MSGSEND = YES;
				GCC_C_LANGUAGE_STANDARD = gnu99;
				GCC_WARN_64_TO_32_BIT_CONVERSION = YES;
				GCC_WARN_ABOUT_RETURN_TYPE = YES_ERROR;
				GCC_WARN_UNDECLARED_SELECTOR = YES;
				GCC_WARN_UNINITIALIZED_AUTOS = YES_AGGRESSIVE;
				GCC_WARN_UNUSED_FUNCTION = YES;
				GCC_WARN_UNUSED_VARIABLE = YES;
				IPHONEOS_DEPLOYMENT_TARGET = 8.1;
				MTL_ENABLE_DEBUG_INFO = NO;
				SDKROOT = iphoneos;
				TARGETED_DEVICE_FAMILY = "1,2";
				VALIDATE_PRODUCT = YES;
			};
			name = Release;
		};
		63B51CE01A4207FC001B4EFC /* Debug */ = {
			isa = XCBuildConfiguration;
			buildSettings = {
				ASSETCATALOG_COMPILER_APPICON_NAME = AppIcon;
				ASSETCATALOG_COMPILER_LAUNCHIMAGE_NAME = LaunchImage;
				INFOPLIST_FILE = KeychainKitSample/Info.plist;
				IPHONEOS_DEPLOYMENT_TARGET = 8.1;
				LD_RUNPATH_SEARCH_PATHS = "$(inherited) @executable_path/Frameworks";
				PRODUCT_NAME = "$(TARGET_NAME)";
			};
			name = Debug;
		};
		63B51CE11A4207FC001B4EFC /* Release */ = {
			isa = XCBuildConfiguration;
			buildSettings = {
				ASSETCATALOG_COMPILER_APPICON_NAME = AppIcon;
				ASSETCATALOG_COMPILER_LAUNCHIMAGE_NAME = LaunchImage;
				INFOPLIST_FILE = KeychainKitSample/Info.plist;
				IPHONEOS_DEPLOYMENT_TARGET = 8.1;
				LD_RUNPATH_SEARCH_PATHS = "$(inherited) @executable_path/Frameworks";
				PRODUCT_NAME = "$(TARGET_NAME)";
			};
			name = Release;
		};
		63B51CE31A4207FC001B4EFC /* Debug */ = {
			isa = XCBuildConfiguration;
			buildSettings = {
				BUNDLE_LOADER = "$(TEST_HOST)";
				FRAMEWORK_SEARCH_PATHS = (
					"$(SDKROOT)/Developer/Library/Frameworks",
					"$(inherited)",
				);
				GCC_PREPROCESSOR_DEFINITIONS = (
					"DEBUG=1",
					"$(inherited)",
				);
				INFOPLIST_FILE = KeychainKitSampleTests/Info.plist;
				LD_RUNPATH_SEARCH_PATHS = "$(inherited) @executable_path/Frameworks @loader_path/Frameworks";
				PRODUCT_NAME = "$(TARGET_NAME)";
				TEST_HOST = "$(BUILT_PRODUCTS_DIR)/KeychainKitSample.app/KeychainKitSample";
			};
			name = Debug;
		};
		63B51CE41A4207FC001B4EFC /* Release */ = {
			isa = XCBuildConfiguration;
			buildSettings = {
				BUNDLE_LOADER = "$(TEST_HOST)";
				FRAMEWORK_SEARCH_PATHS = (
					"$(SDKROOT)/Developer/Library/Frameworks",
					"$(inherited)",
				);
				INFOPLIST_FILE = KeychainKitSampleTests/Info.plist;
				LD_RUNPATH_SEARCH_PATHS = "$(inherited) @executable_path/Frameworks @loader_path/Frameworks";
				PRODUCT_NAME = "$(TARGET_NAME)";
				TEST_HOST = "$(BUILT_PRODUCTS_DIR)/KeychainKitSample.app/KeychainKitSample";
			};
			name = Release;
		};
		63B51D231A421F52001B4EFC /* Debug */ = {
			isa = XCBuildConfiguration;
			buildSettings = {
				CURRENT_PROJECT_VERSION = 1;
				DEFINES_MODULE = YES;
				DYLIB_COMPATIBILITY_VERSION = 1;
				DYLIB_CURRENT_VERSION = 1;
				DYLIB_INSTALL_NAME_BASE = "@rpath";
				GCC_PREPROCESSOR_DEFINITIONS = (
					"DEBUG=1",
					"$(inherited)",
				);
				INFOPLIST_FILE = KeychainKit/Info.plist;
				INSTALL_PATH = "$(LOCAL_LIBRARY_DIR)/Frameworks";
				LD_RUNPATH_SEARCH_PATHS = "$(inherited) @executable_path/Frameworks @loader_path/Frameworks";
				PRODUCT_NAME = "$(TARGET_NAME)";
				SKIP_INSTALL = YES;
				VERSIONING_SYSTEM = "apple-generic";
				VERSION_INFO_PREFIX = "";
			};
			name = Debug;
		};
		63B51D241A421F52001B4EFC /* Release */ = {
			isa = XCBuildConfiguration;
			buildSettings = {
				CURRENT_PROJECT_VERSION = 1;
				DEFINES_MODULE = YES;
				DYLIB_COMPATIBILITY_VERSION = 1;
				DYLIB_CURRENT_VERSION = 1;
				DYLIB_INSTALL_NAME_BASE = "@rpath";
				INFOPLIST_FILE = KeychainKit/Info.plist;
				INSTALL_PATH = "$(LOCAL_LIBRARY_DIR)/Frameworks";
				LD_RUNPATH_SEARCH_PATHS = "$(inherited) @executable_path/Frameworks @loader_path/Frameworks";
				PRODUCT_NAME = "$(TARGET_NAME)";
				SKIP_INSTALL = YES;
				VERSIONING_SYSTEM = "apple-generic";
				VERSION_INFO_PREFIX = "";
			};
			name = Release;
		};
		63B51D251A421F52001B4EFC /* Debug */ = {
			isa = XCBuildConfiguration;
			buildSettings = {
				FRAMEWORK_SEARCH_PATHS = (
					"$(SDKROOT)/Developer/Library/Frameworks",
					"$(inherited)",
				);
				GCC_PREPROCESSOR_DEFINITIONS = (
					"DEBUG=1",
					"$(inherited)",
				);
				INFOPLIST_FILE = KeychainKitTests/Info.plist;
				LD_RUNPATH_SEARCH_PATHS = "$(inherited) @executable_path/Frameworks @loader_path/Frameworks";
				PRODUCT_NAME = "$(TARGET_NAME)";
				TEST_HOST = "$(BUILT_PRODUCTS_DIR)/KeychainKitSample.app/KeychainKitSample";
			};
			name = Debug;
		};
		63B51D261A421F52001B4EFC /* Release */ = {
			isa = XCBuildConfiguration;
			buildSettings = {
				FRAMEWORK_SEARCH_PATHS = (
					"$(SDKROOT)/Developer/Library/Frameworks",
					"$(inherited)",
				);
				INFOPLIST_FILE = KeychainKitTests/Info.plist;
				LD_RUNPATH_SEARCH_PATHS = "$(inherited) @executable_path/Frameworks @loader_path/Frameworks";
				PRODUCT_NAME = "$(TARGET_NAME)";
				TEST_HOST = "$(BUILT_PRODUCTS_DIR)/KeychainKitSample.app/KeychainKitSample";
			};
			name = Release;
		};
/* End XCBuildConfiguration section */

/* Begin XCConfigurationList section */
		63B51CB41A4207FC001B4EFC /* Build configuration list for PBXProject "KeychainKitSample" */ = {
			isa = XCConfigurationList;
			buildConfigurations = (
				63B51CDD1A4207FC001B4EFC /* Debug */,
				63B51CDE1A4207FC001B4EFC /* Release */,
			);
			defaultConfigurationIsVisible = 0;
			defaultConfigurationName = Release;
		};
		63B51CDF1A4207FC001B4EFC /* Build configuration list for PBXNativeTarget "KeychainKitSample" */ = {
			isa = XCConfigurationList;
			buildConfigurations = (
				63B51CE01A4207FC001B4EFC /* Debug */,
				63B51CE11A4207FC001B4EFC /* Release */,
			);
			defaultConfigurationIsVisible = 0;
			defaultConfigurationName = Release;
		};
		63B51CE21A4207FC001B4EFC /* Build configuration list for PBXNativeTarget "KeychainKitSampleTests" */ = {
			isa = XCConfigurationList;
			buildConfigurations = (
				63B51CE31A4207FC001B4EFC /* Debug */,
				63B51CE41A4207FC001B4EFC /* Release */,
			);
			defaultConfigurationIsVisible = 0;
			defaultConfigurationName = Release;
		};
		63B51D271A421F52001B4EFC /* Build configuration list for PBXNativeTarget "KeychainKit" */ = {
			isa = XCConfigurationList;
			buildConfigurations = (
				63B51D231A421F52001B4EFC /* Debug */,
				63B51D241A421F52001B4EFC /* Release */,
			);
			defaultConfigurationIsVisible = 0;
			defaultConfigurationName = Release;
		};
		63B51D291A421F52001B4EFC /* Build configuration list for PBXNativeTarget "KeychainKitTests" */ = {
			isa = XCConfigurationList;
			buildConfigurations = (
				63B51D251A421F52001B4EFC /* Debug */,
				63B51D261A421F52001B4EFC /* Release */,
			);
			defaultConfigurationIsVisible = 0;
			defaultConfigurationName = Release;
		};
/* End XCConfigurationList section */
	};
	rootObject = 63B51CB11A4207FC001B4EFC /* Project object */;
}
