// !$*UTF8*$!
{
	archiveVersion = 1;
	classes = {
	};
	objectVersion = 46;
	objects = {

/* Begin PBXBuildFile section */
		63B51CBF1A4207FC001B4EFC /* main.m in Sources */ = {isa = PBXBuildFile; fileRef = 63B51CBE1A4207FC001B4EFC /* main.m */; };
		63B51CC21A4207FC001B4EFC /* AppDelegate.m in Sources */ = {isa = PBXBuildFile; fileRef = 63B51CC11A4207FC001B4EFC /* AppDelegate.m */; };
		63B51CCB1A4207FC001B4EFC /* Main.storyboard in Resources */ = {isa = PBXBuildFile; fileRef = 63B51CC91A4207FC001B4EFC /* Main.storyboard */; };
		63B51CCD1A4207FC001B4EFC /* Images.xcassets in Resources */ = {isa = PBXBuildFile; fileRef = 63B51CCC1A4207FC001B4EFC /* Images.xcassets */; };
		63B51CD01A4207FC001B4EFC /* LaunchScreen.xib in Resources */ = {isa = PBXBuildFile; fileRef = 63B51CCE1A4207FC001B4EFC /* LaunchScreen.xib */; };
		63B51CDC1A4207FC001B4EFC /* KeychainKitSampleTests.m in Sources */ = {isa = PBXBuildFile; fileRef = 63B51CDB1A4207FC001B4EFC /* KeychainKitSampleTests.m */; };
		63B51CFF1A421563001B4EFC /* KKSAddViewController.m in Sources */ = {isa = PBXBuildFile; fileRef = 63B51CF61A421563001B4EFC /* KKSAddViewController.m */; };
		63B51D001A421563001B4EFC /* KKSDeleteViewController.m in Sources */ = {isa = PBXBuildFile; fileRef = 63B51CF81A421563001B4EFC /* KKSDeleteViewController.m */; };
		63B51D011A421563001B4EFC /* KKSFetchViewController.m in Sources */ = {isa = PBXBuildFile; fileRef = 63B51CFA1A421563001B4EFC /* KKSFetchViewController.m */; };
		63B51D021A421563001B4EFC /* KKSSearchViewController.m in Sources */ = {isa = PBXBuildFile; fileRef = 63B51CFC1A421563001B4EFC /* KKSSearchViewController.m */; };
		63B51D031A421563001B4EFC /* KKSUpdateViewController.m in Sources */ = {isa = PBXBuildFile; fileRef = 63B51CFE1A421563001B4EFC /* KKSUpdateViewController.m */; };
/* End PBXBuildFile section */

/* Begin PBXContainerItemProxy section */
		63B51CD61A4207FC001B4EFC /* PBXContainerItemProxy */ = {
			isa = PBXContainerItemProxy;
			containerPortal = 63B51CB11A4207FC001B4EFC /* Project object */;
			proxyType = 1;
			remoteGlobalIDString = 63B51CB81A4207FC001B4EFC;
			remoteInfo = KeychainKitSample;
		};
/* End PBXContainerItemProxy section */

/* Begin PBXFileReference section */
		63B51CB91A4207FC001B4EFC /* KeychainKitSample.app */ = {isa = PBXFileReference; explicitFileType = wrapper.application; includeInIndex = 0; path = KeychainKitSample.app; sourceTree = BUILT_PRODUCTS_DIR; };
		63B51CBD1A4207FC001B4EFC /* Info.plist */ = {isa = PBXFileReference; lastKnownFileType = text.plist.xml; path = Info.plist; sourceTree = "<group>"; };
		63B51CBE1A4207FC001B4EFC /* main.m */ = {isa = PBXFileReference; lastKnownFileType = sourcecode.c.objc; path = main.m; sourceTree = "<group>"; };
		63B51CC01A4207FC001B4EFC /* AppDelegate.h */ = {isa = PBXFileReference; lastKnownFileType = sourcecode.c.h; path = AppDelegate.h; sourceTree = "<group>"; };
		63B51CC11A4207FC001B4EFC /* AppDelegate.m */ = {isa = PBXFileReference; lastKnownFileType = sourcecode.c.objc; path = AppDelegate.m; sourceTree = "<group>"; };
		63B51CCA1A4207FC001B4EFC /* Base */ = {isa = PBXFileReference; lastKnownFileType = file.storyboard; name = Base; path = Base.lproj/Main.storyboard; sourceTree = "<group>"; };
		63B51CCC1A4207FC001B4EFC /* Images.xcassets */ = {isa = PBXFileReference; lastKnownFileType = folder.assetcatalog; path = Images.xcassets; sourceTree = "<group>"; };
		63B51CCF1A4207FC001B4EFC /* Base */ = {isa = PBXFileReference; lastKnownFileType = file.xib; name = Base; path = Base.lproj/LaunchScreen.xib; sourceTree = "<group>"; };
		63B51CD51A4207FC001B4EFC /* KeychainKitSampleTests.xctest */ = {isa = PBXFileReference; explicitFileType = wrapper.cfbundle; includeInIndex = 0; path = KeychainKitSampleTests.xctest; sourceTree = BUILT_PRODUCTS_DIR; };
		63B51CDA1A4207FC001B4EFC /* Info.plist */ = {isa = PBXFileReference; lastKnownFileType = text.plist.xml; path = Info.plist; sourceTree = "<group>"; };
		63B51CDB1A4207FC001B4EFC /* KeychainKitSampleTests.m */ = {isa = PBXFileReference; lastKnownFileType = sourcecode.c.objc; path = KeychainKitSampleTests.m; sourceTree = "<group>"; };
		63B51CF51A421563001B4EFC /* KKSAddViewController.h */ = {isa = PBXFileReference; fileEncoding = 4; lastKnownFileType = sourcecode.c.h; path = KKSAddViewController.h; sourceTree = "<group>"; };
		63B51CF61A421563001B4EFC /* KKSAddViewController.m */ = {isa = PBXFileReference; fileEncoding = 4; lastKnownFileType = sourcecode.c.objc; path = KKSAddViewController.m; sourceTree = "<group>"; };
		63B51CF71A421563001B4EFC /* KKSDeleteViewController.h */ = {isa = PBXFileReference; fileEncoding = 4; lastKnownFileType = sourcecode.c.h; path = KKSDeleteViewController.h; sourceTree = "<group>"; };
		63B51CF81A421563001B4EFC /* KKSDeleteViewController.m */ = {isa = PBXFileReference; fileEncoding = 4; lastKnownFileType = sourcecode.c.objc; path = KKSDeleteViewController.m; sourceTree = "<group>"; };
		63B51CF91A421563001B4EFC /* KKSFetchViewController.h */ = {isa = PBXFileReference; fileEncoding = 4; lastKnownFileType = sourcecode.c.h; path = KKSFetchViewController.h; sourceTree = "<group>"; };
		63B51CFA1A421563001B4EFC /* KKSFetchViewController.m */ = {isa = PBXFileReference; fileEncoding = 4; lastKnownFileType = sourcecode.c.objc; path = KKSFetchViewController.m; sourceTree = "<group>"; };
		63B51CFB1A421563001B4EFC /* KKSSearchViewController.h */ = {isa = PBXFileReference; fileEncoding = 4; lastKnownFileType = sourcecode.c.h; path = KKSSearchViewController.h; sourceTree = "<group>"; };
		63B51CFC1A421563001B4EFC /* KKSSearchViewController.m */ = {isa = PBXFileReference; fileEncoding = 4; lastKnownFileType = sourcecode.c.objc; path = KKSSearchViewController.m; sourceTree = "<group>"; };
		63B51CFD1A421563001B4EFC /* KKSUpdateViewController.h */ = {isa = PBXFileReference; fileEncoding = 4; lastKnownFileType = sourcecode.c.h; path = KKSUpdateViewController.h; sourceTree = "<group>"; };
		63B51CFE1A421563001B4EFC /* KKSUpdateViewController.m */ = {isa = PBXFileReference; fileEncoding = 4; lastKnownFileType = sourcecode.c.objc; path = KKSUpdateViewController.m; sourceTree = "<group>"; };
/* End PBXFileReference section */

/* Begin PBXFrameworksBuildPhase section */
		63B51CB61A4207FC001B4EFC /* Frameworks */ = {
			isa = PBXFrameworksBuildPhase;
			buildActionMask = 2147483647;
			files = (
			);
			runOnlyForDeploymentPostprocessing = 0;
		};
		63B51CD21A4207FC001B4EFC /* Frameworks */ = {
			isa = PBXFrameworksBuildPhase;
			buildActionMask = 2147483647;
			files = (
			);
			runOnlyForDeploymentPostprocessing = 0;
		};
/* End PBXFrameworksBuildPhase section */

/* Begin PBXGroup section */
		63B51CB01A4207FC001B4EFC = {
			isa = PBXGroup;
			children = (
				63B51CBB1A4207FC001B4EFC /* KeychainKitSample */,
				63B51CD81A4207FC001B4EFC /* KeychainKitSampleTests */,
				63B51CBA1A4207FC001B4EFC /* Products */,
			);
			sourceTree = "<group>";
		};
		63B51CBA1A4207FC001B4EFC /* Products */ = {
			isa = PBXGroup;
			children = (
				63B51CB91A4207FC001B4EFC /* KeychainKitSample.app */,
				63B51CD51A4207FC001B4EFC /* KeychainKitSampleTests.xctest */,
			);
			name = Products;
			sourceTree = "<group>";
		};
		63B51CBB1A4207FC001B4EFC /* KeychainKitSample */ = {
			isa = PBXGroup;
			children = (
				63B51CF41A421563001B4EFC /* ViewControllers */,
				63B51D041A421586001B4EFC /* Handlers */,
				63B51CC01A4207FC001B4EFC /* AppDelegate.h */,
				63B51CC11A4207FC001B4EFC /* AppDelegate.m */,
				63B51CC91A4207FC001B4EFC /* Main.storyboard */,
				63B51CCC1A4207FC001B4EFC /* Images.xcassets */,
				63B51CCE1A4207FC001B4EFC /* LaunchScreen.xib */,
				63B51CBC1A4207FC001B4EFC /* Supporting Files */,
			);
			path = KeychainKitSample;
			sourceTree = "<group>";
		};
		63B51CBC1A4207FC001B4EFC /* Supporting Files */ = {
			isa = PBXGroup;
			children = (
				63B51CBD1A4207FC001B4EFC /* Info.plist */,
				63B51CBE1A4207FC001B4EFC /* main.m */,
			);
			name = "Supporting Files";
			sourceTree = "<group>";
		};
		63B51CD81A4207FC001B4EFC /* KeychainKitSampleTests */ = {
			isa = PBXGroup;
			children = (
				63B51CDB1A4207FC001B4EFC /* KeychainKitSampleTests.m */,
				63B51CD91A4207FC001B4EFC /* Supporting Files */,
			);
			path = KeychainKitSampleTests;
			sourceTree = "<group>";
		};
		63B51CD91A4207FC001B4EFC /* Supporting Files */ = {
			isa = PBXGroup;
			children = (
				63B51CDA1A4207FC001B4EFC /* Info.plist */,
			);
			name = "Supporting Files";
			sourceTree = "<group>";
		};
		63B51CF41A421563001B4EFC /* ViewControllers */ = {
			isa = PBXGroup;
			children = (
				63B51CF51A421563001B4EFC /* KKSAddViewController.h */,
				63B51CF61A421563001B4EFC /* KKSAddViewController.m */,
				63B51CF71A421563001B4EFC /* KKSDeleteViewController.h */,
				63B51CF81A421563001B4EFC /* KKSDeleteViewController.m */,
				63B51CF91A421563001B4EFC /* KKSFetchViewController.h */,
				63B51CFA1A421563001B4EFC /* KKSFetchViewController.m */,
				63B51CFB1A421563001B4EFC /* KKSSearchViewController.h */,
				63B51CFC1A421563001B4EFC /* KKSSearchViewController.m */,
				63B51CFD1A421563001B4EFC /* KKSUpdateViewController.h */,
				63B51CFE1A421563001B4EFC /* KKSUpdateViewController.m */,
			);
			path = ViewControllers;
			sourceTree = "<group>";
		};
		63B51D041A421586001B4EFC /* Handlers */ = {
			isa = PBXGroup;
			children = (
			);
			path = Handlers;
			sourceTree = "<group>";
		};
/* End PBXGroup section */

/* Begin PBXNativeTarget section */
		63B51CB81A4207FC001B4EFC /* KeychainKitSample */ = {
			isa = PBXNativeTarget;
			buildConfigurationList = 63B51CDF1A4207FC001B4EFC /* Build configuration list for PBXNativeTarget "KeychainKitSample" */;
			buildPhases = (
				63B51CB51A4207FC001B4EFC /* Sources */,
				63B51CB61A4207FC001B4EFC /* Frameworks */,
				63B51CB71A4207FC001B4EFC /* Resources */,
			);
			buildRules = (
			);
			dependencies = (
			);
			name = KeychainKitSample;
			productName = KeychainKitSample;
			productReference = 63B51CB91A4207FC001B4EFC /* KeychainKitSample.app */;
			productType = "com.apple.product-type.application";
		};
		63B51CD41A4207FC001B4EFC /* KeychainKitSampleTests */ = {
			isa = PBXNativeTarget;
			buildConfigurationList = 63B51CE21A4207FC001B4EFC /* Build configuration list for PBXNativeTarget "KeychainKitSampleTests" */;
			buildPhases = (
				63B51CD11A4207FC001B4EFC /* Sources */,
				63B51CD21A4207FC001B4EFC /* Frameworks */,
				63B51CD31A4207FC001B4EFC /* Resources */,
			);
			buildRules = (
			);
			dependencies = (
				63B51CD71A4207FC001B4EFC /* PBXTargetDependency */,
			);
			name = KeychainKitSampleTests;
			productName = KeychainKitSampleTests;
			productReference = 63B51CD51A4207FC001B4EFC /* KeychainKitSampleTests.xctest */;
			productType = "com.apple.product-type.bundle.unit-test";
		};
/* End PBXNativeTarget section */

/* Begin PBXProject section */
		63B51CB11A4207FC001B4EFC /* Project object */ = {
			isa = PBXProject;
			attributes = {
				CLASSPREFIX = KKS;
				LastUpgradeCheck = 0610;
				ORGANIZATIONNAME = "David Live Org";
				TargetAttributes = {
					63B51CB81A4207FC001B4EFC = {
						CreatedOnToolsVersion = 6.1.1;
					};
					63B51CD41A4207FC001B4EFC = {
						CreatedOnToolsVersion = 6.1.1;
						TestTargetID = 63B51CB81A4207FC001B4EFC;
					};
				};
			};
			buildConfigurationList = 63B51CB41A4207FC001B4EFC /* Build configuration list for PBXProject "KeychainKitSample" */;
			compatibilityVersion = "Xcode 3.2";
			developmentRegion = English;
			hasScannedForEncodings = 0;
			knownRegions = (
				en,
				Base,
			);
			mainGroup = 63B51CB01A4207FC001B4EFC;
			productRefGroup = 63B51CBA1A4207FC001B4EFC /* Products */;
			projectDirPath = "";
			projectRoot = "";
			targets = (
				63B51CB81A4207FC001B4EFC /* KeychainKitSample */,
				63B51CD41A4207FC001B4EFC /* KeychainKitSampleTests */,
			);
		};
/* End PBXProject section */

/* Begin PBXResourcesBuildPhase section */
		63B51CB71A4207FC001B4EFC /* Resources */ = {
			isa = PBXResourcesBuildPhase;
			buildActionMask = 2147483647;
			files = (
				63B51CCB1A4207FC001B4EFC /* Main.storyboard in Resources */,
				63B51CD01A4207FC001B4EFC /* LaunchScreen.xib in Resources */,
				63B51CCD1A4207FC001B4EFC /* Images.xcassets in Resources */,
			);
			runOnlyForDeploymentPostprocessing = 0;
		};
		63B51CD31A4207FC001B4EFC /* Resources */ = {
			isa = PBXResourcesBuildPhase;
			buildActionMask = 2147483647;
			files = (
			);
			runOnlyForDeploymentPostprocessing = 0;
		};
/* End PBXResourcesBuildPhase section */

/* Begin PBXSourcesBuildPhase section */
		63B51CB51A4207FC001B4EFC /* Sources */ = {
			isa = PBXSourcesBuildPhase;
			buildActionMask = 2147483647;
			files = (
				63B51D001A421563001B4EFC /* KKSDeleteViewController.m in Sources */,
				63B51D031A421563001B4EFC /* KKSUpdateViewController.m in Sources */,
				63B51CFF1A421563001B4EFC /* KKSAddViewController.m in Sources */,
				63B51D021A421563001B4EFC /* KKSSearchViewController.m in Sources */,
				63B51CC21A4207FC001B4EFC /* AppDelegate.m in Sources */,
				63B51D011A421563001B4EFC /* KKSFetchViewController.m in Sources */,
				63B51CBF1A4207FC001B4EFC /* main.m in Sources */,
			);
			runOnlyForDeploymentPostprocessing = 0;
		};
		63B51CD11A4207FC001B4EFC /* Sources */ = {
			isa = PBXSourcesBuildPhase;
			buildActionMask = 2147483647;
			files = (
				63B51CDC1A4207FC001B4EFC /* KeychainKitSampleTests.m in Sources */,
			);
			runOnlyForDeploymentPostprocessing = 0;
		};
/* End PBXSourcesBuildPhase section */

/* Begin PBXTargetDependency section */
		63B51CD71A4207FC001B4EFC /* PBXTargetDependency */ = {
			isa = PBXTargetDependency;
			target = 63B51CB81A4207FC001B4EFC /* KeychainKitSample */;
			targetProxy = 63B51CD61A4207FC001B4EFC /* PBXContainerItemProxy */;
		};
/* End PBXTargetDependency section */

/* Begin PBXVariantGroup section */
		63B51CC91A4207FC001B4EFC /* Main.storyboard */ = {
			isa = PBXVariantGroup;
			children = (
				63B51CCA1A4207FC001B4EFC /* Base */,
			);
			name = Main.storyboard;
			sourceTree = "<group>";
		};
		63B51CCE1A4207FC001B4EFC /* LaunchScreen.xib */ = {
			isa = PBXVariantGroup;
			children = (
				63B51CCF1A4207FC001B4EFC /* Base */,
			);
			name = LaunchScreen.xib;
			sourceTree = "<group>";
		};
/* End PBXVariantGroup section */

/* Begin XCBuildConfiguration section */
		63B51CDD1A4207FC001B4EFC /* Debug */ = {
			isa = XCBuildConfiguration;
			buildSettings = {
				ALWAYS_SEARCH_USER_PATHS = NO;
				CLANG_CXX_LANGUAGE_STANDARD = "gnu++0x";
				CLANG_CXX_LIBRARY = "libc++";
				CLANG_ENABLE_MODULES = YES;
				CLANG_ENABLE_OBJC_ARC = YES;
				CLANG_WARN_BOOL_CONVERSION = YES;
				CLANG_WARN_CONSTANT_CONVERSION = YES;
				CLANG_WARN_DIRECT_OBJC_ISA_USAGE = YES_ERROR;
				CLANG_WARN_EMPTY_BODY = YES;
				CLANG_WARN_ENUM_CONVERSION = YES;
				CLANG_WARN_INT_CONVERSION = YES;
				CLANG_WARN_OBJC_ROOT_CLASS = YES_ERROR;
				CLANG_WARN_UNREACHABLE_CODE = YES;
				CLANG_WARN__DUPLICATE_METHOD_MATCH = YES;
				"CODE_SIGN_IDENTITY[sdk=iphoneos*]" = "iPhone Developer";
				COPY_PHASE_STRIP = NO;
				ENABLE_STRICT_OBJC_MSGSEND = YES;
				GCC_C_LANGUAGE_STANDARD = gnu99;
				GCC_DYNAMIC_NO_PIC = NO;
				GCC_OPTIMIZATION_LEVEL = 0;
				GCC_PREPROCESSOR_DEFINITIONS = (
					"DEBUG=1",
					"$(inherited)",
				);
				GCC_SYMBOLS_PRIVATE_EXTERN = NO;
				GCC_WARN_64_TO_32_BIT_CONVERSION = YES;
				GCC_WARN_ABOUT_RETURN_TYPE = YES_ERROR;
				GCC_WARN_UNDECLARED_SELECTOR = YES;
				GCC_WARN_UNINITIALIZED_AUTOS = YES_AGGRESSIVE;
				GCC_WARN_UNUSED_FUNCTION = YES;
				GCC_WARN_UNUSED_VARIABLE = YES;
				IPHONEOS_DEPLOYMENT_TARGET = 8.1;
				MTL_ENABLE_DEBUG_INFO = YES;
				ONLY_ACTIVE_ARCH = YES;
				SDKROOT = iphoneos;
				TARGETED_DEVICE_FAMILY = "1,2";
			};
			name = Debug;
		};
		63B51CDE1A4207FC001B4EFC /* Release */ = {
			isa = XCBuildConfiguration;
			buildSettings = {
				ALWAYS_SEARCH_USER_PATHS = NO;
				CLANG_CXX_LANGUAGE_STANDARD = "gnu++0x";
				CLANG_CXX_LIBRARY = "libc++";
				CLANG_ENABLE_MODULES = YES;
				CLANG_ENABLE_OBJC_ARC = YES;
				CLANG_WARN_BOOL_CONVERSION = YES;
				CLANG_WARN_CONSTANT_CONVERSION = YES;
				CLANG_WARN_DIRECT_OBJC_ISA_USAGE = YES_ERROR;
				CLANG_WARN_EMPTY_BODY = YES;
				CLANG_WARN_ENUM_CONVERSION = YES;
				CLANG_WARN_INT_CONVERSION = YES;
				CLANG_WARN_OBJC_ROOT_CLASS = YES_ERROR;
				CLANG_WARN_UNREACHABLE_CODE = YES;
				CLANG_WARN__DUPLICATE_METHOD_MATCH = YES;
				"CODE_SIGN_IDENTITY[sdk=iphoneos*]" = "iPhone Developer";
				COPY_PHASE_STRIP = YES;
				ENABLE_NS_ASSERTIONS = NO;
				ENABLE_STRICT_OBJC_MSGSEND = YES;
				GCC_C_LANGUAGE_STANDARD = gnu99;
				GCC_WARN_64_TO_32_BIT_CONVERSION = YES;
				GCC_WARN_ABOUT_RETURN_TYPE = YES_ERROR;
				GCC_WARN_UNDECLARED_SELECTOR = YES;
				GCC_WARN_UNINITIALIZED_AUTOS = YES_AGGRESSIVE;
				GCC_WARN_UNUSED_FUNCTION = YES;
				GCC_WARN_UNUSED_VARIABLE = YES;
				IPHONEOS_DEPLOYMENT_TARGET = 8.1;
				MTL_ENABLE_DEBUG_INFO = NO;
				SDKROOT = iphoneos;
				TARGETED_DEVICE_FAMILY = "1,2";
				VALIDATE_PRODUCT = YES;
			};
			name = Release;
		};
		63B51CE01A4207FC001B4EFC /* Debug */ = {
			isa = XCBuildConfiguration;
			buildSettings = {
				ASSETCATALOG_COMPILER_APPICON_NAME = AppIcon;
				ASSETCATALOG_COMPILER_LAUNCHIMAGE_NAME = LaunchImage;
				INFOPLIST_FILE = KeychainKitSample/Info.plist;
				IPHONEOS_DEPLOYMENT_TARGET = 8.1;
				LD_RUNPATH_SEARCH_PATHS = "$(inherited) @executable_path/Frameworks";
				PRODUCT_NAME = "$(TARGET_NAME)";
			};
			name = Debug;
		};
		63B51CE11A4207FC001B4EFC /* Release */ = {
			isa = XCBuildConfiguration;
			buildSettings = {
				ASSETCATALOG_COMPILER_APPICON_NAME = AppIcon;
				ASSETCATALOG_COMPILER_LAUNCHIMAGE_NAME = LaunchImage;
				INFOPLIST_FILE = KeychainKitSample/Info.plist;
				IPHONEOS_DEPLOYMENT_TARGET = 8.1;
				LD_RUNPATH_SEARCH_PATHS = "$(inherited) @executable_path/Frameworks";
				PRODUCT_NAME = "$(TARGET_NAME)";
			};
			name = Release;
		};
		63B51CE31A4207FC001B4EFC /* Debug */ = {
			isa = XCBuildConfiguration;
			buildSettings = {
				BUNDLE_LOADER = "$(TEST_HOST)";
				FRAMEWORK_SEARCH_PATHS = (
					"$(SDKROOT)/Developer/Library/Frameworks",
					"$(inherited)",
				);
				GCC_PREPROCESSOR_DEFINITIONS = (
					"DEBUG=1",
					"$(inherited)",
				);
				INFOPLIST_FILE = KeychainKitSampleTests/Info.plist;
				LD_RUNPATH_SEARCH_PATHS = "$(inherited) @executable_path/Frameworks @loader_path/Frameworks";
				PRODUCT_NAME = "$(TARGET_NAME)";
				TEST_HOST = "$(BUILT_PRODUCTS_DIR)/KeychainKitSample.app/KeychainKitSample";
			};
			name = Debug;
		};
		63B51CE41A4207FC001B4EFC /* Release */ = {
			isa = XCBuildConfiguration;
			buildSettings = {
				BUNDLE_LOADER = "$(TEST_HOST)";
				FRAMEWORK_SEARCH_PATHS = (
					"$(SDKROOT)/Developer/Library/Frameworks",
					"$(inherited)",
				);
				INFOPLIST_FILE = KeychainKitSampleTests/Info.plist;
				LD_RUNPATH_SEARCH_PATHS = "$(inherited) @executable_path/Frameworks @loader_path/Frameworks";
				PRODUCT_NAME = "$(TARGET_NAME)";
				TEST_HOST = "$(BUILT_PRODUCTS_DIR)/KeychainKitSample.app/KeychainKitSample";
			};
			name = Release;
		};
/* End XCBuildConfiguration section */

/* Begin XCConfigurationList section */
		63B51CB41A4207FC001B4EFC /* Build configuration list for PBXProject "KeychainKitSample" */ = {
			isa = XCConfigurationList;
			buildConfigurations = (
				63B51CDD1A4207FC001B4EFC /* Debug */,
				63B51CDE1A4207FC001B4EFC /* Release */,
			);
			defaultConfigurationIsVisible = 0;
			defaultConfigurationName = Release;
		};
		63B51CDF1A4207FC001B4EFC /* Build configuration list for PBXNativeTarget "KeychainKitSample" */ = {
			isa = XCConfigurationList;
			buildConfigurations = (
				63B51CE01A4207FC001B4EFC /* Debug */,
				63B51CE11A4207FC001B4EFC /* Release */,
			);
			defaultConfigurationIsVisible = 0;
			defaultConfigurationName = Release;
		};
		63B51CE21A4207FC001B4EFC /* Build configuration list for PBXNativeTarget "KeychainKitSampleTests" */ = {
			isa = XCConfigurationList;
			buildConfigurations = (
				63B51CE31A4207FC001B4EFC /* Debug */,
				63B51CE41A4207FC001B4EFC /* Release */,
			);
			defaultConfigurationIsVisible = 0;
			defaultConfigurationName = Release;
		};
/* End XCConfigurationList section */
	};
	rootObject = 63B51CB11A4207FC001B4EFC /* Project object */;
}
